
Microsoft Visual Studio Solution File, Format Version 12.00
# Visual Studio Version 17
VisualStudioVersion = 17.8.34309.116
MinimumVisualStudioVersion = 10.0.40219.1
Project("{FAE04EC0-301F-11D3-BF4B-00C04F79EFBC}") = "VirtualGlassesProvider", "VirtualGlassesProvider\VirtualGlassesProvider.csproj", "{93B2F478-5F74-439C-834E-B68E8340A7A3}"
EndProject
Global
	GlobalSection(SolutionConfigurationPlatforms) = preSolution
		Debug|Any CPU = Debug|Any CPU
		Release|Any CPU = Release|Any CPU
	EndGlobalSection
	GlobalSection(ProjectConfigurationPlatforms) = postSolution
		{93B2F478-5F74-439C-834E-B68E8340A7A3}.Debug|Any CPU.ActiveCfg = Debug|Any CPU
		{93B2F478-5F74-439C-834E-B68E8340A7A3}.Debug|Any CPU.Build.0 = Debug|Any CPU
		{93B2F478-5F74-439C-834E-B68E8340A7A3}.Release|Any CPU.ActiveCfg = Release|Any CPU
		{93B2F478-5F74-439C-834E-B68E8340A7A3}.Release|Any CPU.Build.0 = Release|Any CPU
	EndGlobalSection
	GlobalSection(SolutionProperties) = preSolution
		HideSolutionNode = FALSE
	EndGlobalSection
	GlobalSection(ExtensibilityGlobals) = postSolution
		SolutionGuid = {DAA8AB54-EDD6-454F-8F49-7343A2CCEBFC}
	EndGlobalSection
EndGlobal
