
Microsoft Visual Studio Solution File, Format Version 12.00
# Visual Studio Version 17
VisualStudioVersion = 17.8.34309.116
MinimumVisualStudioVersion = 10.0.40219.1
Project("{9A19103F-16F7-4668-BE54-9A1E7A4F7556}") = "VirtualGlassesProvider", "VirtualGlassesProvider\VirtualGlassesProvider.csproj", "{93B2F478-5F74-439C-834E-B68E8340A7A3}"
EndProject
Project("{9A19103F-16F7-4668-BE54-9A1E7A4F7556}") = "VirtualGlassesProvider.Tests", "VirtualGlassesProvider.Tests\VirtualGlassesProvider.Tests.csproj", "{6C5E8E62-9861-45EC-9F6C-6F6E717CC39B}"
EndProject
Project("{E53339B2-1760-4266-BCC7-CA923CBCF16C}") = "docker-compose", "docker-compose.dcproj", "{81DDED9D-158B-E303-5F62-77A2896D2A5A}"
EndProject
Global
	GlobalSection(SolutionConfigurationPlatforms) = preSolution
		Debug|Any CPU = Debug|Any CPU
		Release|Any CPU = Release|Any CPU
	EndGlobalSection
	GlobalSection(ProjectConfigurationPlatforms) = postSolution
		{93B2F478-5F74-439C-834E-B68E8340A7A3}.Debug|Any CPU.ActiveCfg = Debug|Any CPU
		{93B2F478-5F74-439C-834E-B68E8340A7A3}.Debug|Any CPU.Build.0 = Debug|Any CPU
		{93B2F478-5F74-439C-834E-B68E8340A7A3}.Release|Any CPU.ActiveCfg = Release|Any CPU
		{93B2F478-5F74-439C-834E-B68E8340A7A3}.Release|Any CPU.Build.0 = Release|Any CPU
		{6C5E8E62-9861-45EC-9F6C-6F6E717CC39B}.Debug|Any CPU.ActiveCfg = Debug|Any CPU
		{6C5E8E62-9861-45EC-9F6C-6F6E717CC39B}.Debug|Any CPU.Build.0 = Debug|Any CPU
		{6C5E8E62-9861-45EC-9F6C-6F6E717CC39B}.Release|Any CPU.ActiveCfg = Release|Any CPU
		{6C5E8E62-9861-45EC-9F6C-6F6E717CC39B}.Release|Any CPU.Build.0 = Release|Any CPU
		{81DDED9D-158B-E303-5F62-77A2896D2A5A}.Debug|Any CPU.ActiveCfg = Debug|Any CPU
		{81DDED9D-158B-E303-5F62-77A2896D2A5A}.Debug|Any CPU.Build.0 = Debug|Any CPU
		{81DDED9D-158B-E303-5F62-77A2896D2A5A}.Release|Any CPU.ActiveCfg = Release|Any CPU
		{81DDED9D-158B-E303-5F62-77A2896D2A5A}.Release|Any CPU.Build.0 = Release|Any CPU
	EndGlobalSection
	GlobalSection(SolutionProperties) = preSolution
		HideSolutionNode = FALSE
	EndGlobalSection
	GlobalSection(ExtensibilityGlobals) = postSolution
		SolutionGuid = {DAA8AB54-EDD6-454F-8F49-7343A2CCEBFC}
	EndGlobalSection
EndGlobal
